
Microsoft Visual Studio Solution File, Format Version 12.00
# Visual Studio 15
VisualStudioVersion = 15.0.27703.2035
MinimumVisualStudioVersion = 10.0.40219.1
Project("{9092AA53-FB77-4645-B42D-1CCCA6BD08BD}") = "SmartSession", "RestfulApiTutorial\SmartSession.njsproj", "{1225403F-DC8F-439A-8712-54A51F4B9F12}"
EndProject
Project("{9092AA53-FB77-4645-B42D-1CCCA6BD08BD}") = "FrontEnd", "AngularJsTutorial\FrontEnd\FrontEnd.njsproj", "{9113EA80-870F-4FBE-8ED5-88700FF3BCD2}"
EndProject
Global
	GlobalSection(SolutionConfigurationPlatforms) = preSolution
		Debug|Any CPU = Debug|Any CPU
		Release|Any CPU = Release|Any CPU
	EndGlobalSection
	GlobalSection(ProjectConfigurationPlatforms) = postSolution
		{1225403F-DC8F-439A-8712-54A51F4B9F12}.Debug|Any CPU.ActiveCfg = Debug|Any CPU
		{1225403F-DC8F-439A-8712-54A51F4B9F12}.Debug|Any CPU.Build.0 = Debug|Any CPU
		{1225403F-DC8F-439A-8712-54A51F4B9F12}.Release|Any CPU.ActiveCfg = Release|Any CPU
		{1225403F-DC8F-439A-8712-54A51F4B9F12}.Release|Any CPU.Build.0 = Release|Any CPU
		{9113EA80-870F-4FBE-8ED5-88700FF3BCD2}.Debug|Any CPU.ActiveCfg = Debug|Any CPU
		{9113EA80-870F-4FBE-8ED5-88700FF3BCD2}.Debug|Any CPU.Build.0 = Debug|Any CPU
		{9113EA80-870F-4FBE-8ED5-88700FF3BCD2}.Release|Any CPU.ActiveCfg = Release|Any CPU
		{9113EA80-870F-4FBE-8ED5-88700FF3BCD2}.Release|Any CPU.Build.0 = Release|Any CPU
	EndGlobalSection
	GlobalSection(SolutionProperties) = preSolution
		HideSolutionNode = FALSE
	EndGlobalSection
	GlobalSection(ExtensibilityGlobals) = postSolution
		SolutionGuid = {AB711ACF-F6D3-4D3B-9802-14B63F360A87}
	EndGlobalSection
EndGlobal
